// !$*UTF8*$!
{
	archiveVersion = 1;
	classes = {
	};
	objectVersion = 55;
	objects = {

/* Begin PBXBuildFile section */
		471C29B2270A61AC0004D1EF /* viagens.json in Resources */ = {isa = PBXBuildFile; fileRef = 471C29B1270A61AC0004D1EF /* viagens.json */; };
		471C29BA270A63F00004D1EF /* Alura_Viagens_SwiftUIApp.swift in Sources */ = {isa = PBXBuildFile; fileRef = 471C29B9270A63F00004D1EF /* Alura_Viagens_SwiftUIApp.swift */; };
		471C29BC270A63F40004D1EF /* ContentView.swift in Sources */ = {isa = PBXBuildFile; fileRef = 471C29BB270A63F40004D1EF /* ContentView.swift */; };
		471C29BE270A63F90004D1EF /* Dados.swift in Sources */ = {isa = PBXBuildFile; fileRef = 471C29BD270A63F90004D1EF /* Dados.swift */; };
		471C29C0270A63FE0004D1EF /* Viagem.swift in Sources */ = {isa = PBXBuildFile; fileRef = 471C29BF270A63FD0004D1EF /* Viagem.swift */; };
		471C29C4270A67540004D1EF /* HeardView.swift in Sources */ = {isa = PBXBuildFile; fileRef = 471C29C3270A67540004D1EF /* HeardView.swift */; };
		471C29C6270A69890004D1EF /* CellViagemView.swift in Sources */ = {isa = PBXBuildFile; fileRef = 471C29C5270A69890004D1EF /* CellViagemView.swift */; };
		47D5737C270353CB00E96D75 /* Assets.xcassets in Resources */ = {isa = PBXBuildFile; fileRef = 47D5737B270353CB00E96D75 /* Assets.xcassets */; };
		47D5737F270353CB00E96D75 /* Preview Assets.xcassets in Resources */ = {isa = PBXBuildFile; fileRef = 47D5737E270353CB00E96D75 /* Preview Assets.xcassets */; };
/* End PBXBuildFile section */

/* Begin PBXFileReference section */
		471C29B1270A61AC0004D1EF /* viagens.json */ = {isa = PBXFileReference; fileEncoding = 4; lastKnownFileType = text.json; path = viagens.json; sourceTree = "<group>"; };
		471C29B9270A63F00004D1EF /* Alura_Viagens_SwiftUIApp.swift */ = {isa = PBXFileReference; fileEncoding = 4; lastKnownFileType = sourcecode.swift; path = Alura_Viagens_SwiftUIApp.swift; sourceTree = "<group>"; };
		471C29BB270A63F40004D1EF /* ContentView.swift */ = {isa = PBXFileReference; fileEncoding = 4; lastKnownFileType = sourcecode.swift; path = ContentView.swift; sourceTree = "<group>"; };
		471C29BD270A63F90004D1EF /* Dados.swift */ = {isa = PBXFileReference; fileEncoding = 4; lastKnownFileType = sourcecode.swift; path = Dados.swift; sourceTree = "<group>"; };
		471C29BF270A63FD0004D1EF /* Viagem.swift */ = {isa = PBXFileReference; fileEncoding = 4; lastKnownFileType = sourcecode.swift; path = Viagem.swift; sourceTree = "<group>"; };
		471C29C3270A67540004D1EF /* HeardView.swift */ = {isa = PBXFileReference; lastKnownFileType = sourcecode.swift; path = HeardView.swift; sourceTree = "<group>"; };
		471C29C5270A69890004D1EF /* CellViagemView.swift */ = {isa = PBXFileReference; lastKnownFileType = sourcecode.swift; path = CellViagemView.swift; sourceTree = "<group>"; };
		47D57374270353C500E96D75 /* Alura Viagens SwiftUI.app */ = {isa = PBXFileReference; explicitFileType = wrapper.application; includeInIndex = 0; path = "Alura Viagens SwiftUI.app"; sourceTree = BUILT_PRODUCTS_DIR; };
		47D5737B270353CB00E96D75 /* Assets.xcassets */ = {isa = PBXFileReference; lastKnownFileType = folder.assetcatalog; path = Assets.xcassets; sourceTree = "<group>"; };
		47D5737E270353CB00E96D75 /* Preview Assets.xcassets */ = {isa = PBXFileReference; lastKnownFileType = folder.assetcatalog; path = "Preview Assets.xcassets"; sourceTree = "<group>"; };
/* End PBXFileReference section */

/* Begin PBXFrameworksBuildPhase section */
		47D57371270353C500E96D75 /* Frameworks */ = {
			isa = PBXFrameworksBuildPhase;
			buildActionMask = 2147483647;
			files = (
			);
			runOnlyForDeploymentPostprocessing = 0;
		};
/* End PBXFrameworksBuildPhase section */

/* Begin PBXGroup section */
		471C29C1270A66D50004D1EF /* Model */ = {
			isa = PBXGroup;
			children = (
				471C29BF270A63FD0004D1EF /* Viagem.swift */,
				471C29BD270A63F90004D1EF /* Dados.swift */,
			);
			path = Model;
			sourceTree = "<group>";
		};
		471C29C2270A67180004D1EF /* View */ = {
			isa = PBXGroup;
			children = (
				471C29BB270A63F40004D1EF /* ContentView.swift */,
				471C29C3270A67540004D1EF /* HeardView.swift */,
				471C29C5270A69890004D1EF /* CellViagemView.swift */,
			);
			path = View;
			sourceTree = "<group>";
		};
		47D5736B270353C500E96D75 = {
			isa = PBXGroup;
			children = (
				47D57376270353C500E96D75 /* Alura Viagens SwiftUI */,
				47D57375270353C500E96D75 /* Products */,
			);
			sourceTree = "<group>";
		};
		47D57375270353C500E96D75 /* Products */ = {
			isa = PBXGroup;
			children = (
				47D57374270353C500E96D75 /* Alura Viagens SwiftUI.app */,
			);
			name = Products;
			sourceTree = "<group>";
		};
		47D57376270353C500E96D75 /* Alura Viagens SwiftUI */ = {
			isa = PBXGroup;
			children = (
				471C29B9270A63F00004D1EF /* Alura_Viagens_SwiftUIApp.swift */,
				471C29C2270A67180004D1EF /* View */,
				471C29C1270A66D50004D1EF /* Model */,
				47D5737B270353CB00E96D75 /* Assets.xcassets */,
				471C29B1270A61AC0004D1EF /* viagens.json */,
				47D5737D270353CB00E96D75 /* Preview Content */,
			);
			path = "Alura Viagens SwiftUI";
			sourceTree = "<group>";
		};
		47D5737D270353CB00E96D75 /* Preview Content */ = {
			isa = PBXGroup;
			children = (
				47D5737E270353CB00E96D75 /* Preview Assets.xcassets */,
			);
			path = "Preview Content";
			sourceTree = "<group>";
		};
/* End PBXGroup section */

/* Begin PBXNativeTarget section */
		47D57373270353C500E96D75 /* Alura Viagens SwiftUI */ = {
			isa = PBXNativeTarget;
			buildConfigurationList = 47D57382270353CB00E96D75 /* Build configuration list for PBXNativeTarget "Alura Viagens SwiftUI" */;
			buildPhases = (
				47D57370270353C500E96D75 /* Sources */,
				47D57371270353C500E96D75 /* Frameworks */,
				47D57372270353C500E96D75 /* Resources */,
			);
			buildRules = (
			);
			dependencies = (
			);
			name = "Alura Viagens SwiftUI";
			productName = "Alura Viagens SwiftUI";
			productReference = 47D57374270353C500E96D75 /* Alura Viagens SwiftUI.app */;
			productType = "com.apple.product-type.application";
		};
/* End PBXNativeTarget section */

/* Begin PBXProject section */
		47D5736C270353C500E96D75 /* Project object */ = {
			isa = PBXProject;
			attributes = {
				BuildIndependentTargetsInParallel = 1;
				LastSwiftUpdateCheck = 1300;
				LastUpgradeCheck = 1300;
				TargetAttributes = {
					47D57373270353C500E96D75 = {
						CreatedOnToolsVersion = 13.0;
					};
				};
			};
			buildConfigurationList = 47D5736F270353C500E96D75 /* Build configuration list for PBXProject "Alura Viagens SwiftUI" */;
			compatibilityVersion = "Xcode 13.0";
			developmentRegion = en;
			hasScannedForEncodings = 0;
			knownRegions = (
				en,
				Base,
			);
			mainGroup = 47D5736B270353C500E96D75;
			productRefGroup = 47D57375270353C500E96D75 /* Products */;
			projectDirPath = "";
			projectRoot = "";
			targets = (
				47D57373270353C500E96D75 /* Alura Viagens SwiftUI */,
			);
		};
/* End PBXProject section */

/* Begin PBXResourcesBuildPhase section */
		47D57372270353C500E96D75 /* Resources */ = {
			isa = PBXResourcesBuildPhase;
			buildActionMask = 2147483647;
			files = (
				471C29B2270A61AC0004D1EF /* viagens.json in Resources */,
				47D5737F270353CB00E96D75 /* Preview Assets.xcassets in Resources */,
				47D5737C270353CB00E96D75 /* Assets.xcassets in Resources */,
			);
			runOnlyForDeploymentPostprocessing = 0;
		};
/* End PBXResourcesBuildPhase section */

/* Begin PBXSourcesBuildPhase section */
		47D57370270353C500E96D75 /* Sources */ = {
			isa = PBXSourcesBuildPhase;
			buildActionMask = 2147483647;
			files = (
				471C29C0270A63FE0004D1EF /* Viagem.swift in Sources */,
				471C29BC270A63F40004D1EF /* ContentView.swift in Sources */,
				471C29BE270A63F90004D1EF /* Dados.swift in Sources */,
				471C29C4270A67540004D1EF /* HeardView.swift in Sources */,
				471C29BA270A63F00004D1EF /* Alura_Viagens_SwiftUIApp.swift in Sources */,
				471C29C6270A69890004D1EF /* CellViagemView.swift in Sources */,
			);
			runOnlyForDeploymentPostprocessing = 0;
		};
/* End PBXSourcesBuildPhase section */

/* Begin XCBuildConfiguration section */
		47D57380270353CB00E96D75 /* Debug */ = {
			isa = XCBuildConfiguration;
			buildSettings = {
				ALWAYS_SEARCH_USER_PATHS = NO;
				CLANG_ANALYZER_NONNULL = YES;
				CLANG_ANALYZER_NUMBER_OBJECT_CONVERSION = YES_AGGRESSIVE;
				CLANG_CXX_LANGUAGE_STANDARD = "gnu++17";
				CLANG_CXX_LIBRARY = "libc++";
				CLANG_ENABLE_MODULES = YES;
				CLANG_ENABLE_OBJC_ARC = YES;
				CLANG_ENABLE_OBJC_WEAK = YES;
				CLANG_WARN_BLOCK_CAPTURE_AUTORELEASING = YES;
				CLANG_WARN_BOOL_CONVERSION = YES;
				CLANG_WARN_COMMA = YES;
				CLANG_WARN_CONSTANT_CONVERSION = YES;
				CLANG_WARN_DEPRECATED_OBJC_IMPLEMENTATIONS = YES;
				CLANG_WARN_DIRECT_OBJC_ISA_USAGE = YES_ERROR;
				CLANG_WARN_DOCUMENTATION_COMMENTS = YES;
				CLANG_WARN_EMPTY_BODY = YES;
				CLANG_WARN_ENUM_CONVERSION = YES;
				CLANG_WARN_INFINITE_RECURSION = YES;
				CLANG_WARN_INT_CONVERSION = YES;
				CLANG_WARN_NON_LITERAL_NULL_CONVERSION = YES;
				CLANG_WARN_OBJC_IMPLICIT_RETAIN_SELF = YES;
				CLANG_WARN_OBJC_LITERAL_CONVERSION = YES;
				CLANG_WARN_OBJC_ROOT_CLASS = YES_ERROR;
				CLANG_WARN_QUOTED_INCLUDE_IN_FRAMEWORK_HEADER = YES;
				CLANG_WARN_RANGE_LOOP_ANALYSIS = YES;
				CLANG_WARN_STRICT_PROTOTYPES = YES;
				CLANG_WARN_SUSPICIOUS_MOVE = YES;
				CLANG_WARN_UNGUARDED_AVAILABILITY = YES_AGGRESSIVE;
				CLANG_WARN_UNREACHABLE_CODE = YES;
				CLANG_WARN__DUPLICATE_METHOD_MATCH = YES;
				COPY_PHASE_STRIP = NO;
				DEBUG_INFORMATION_FORMAT = dwarf;
				ENABLE_STRICT_OBJC_MSGSEND = YES;
				ENABLE_TESTABILITY = YES;
				GCC_C_LANGUAGE_STANDARD = gnu11;
				GCC_DYNAMIC_NO_PIC = NO;
				GCC_NO_COMMON_BLOCKS = YES;
				GCC_OPTIMIZATION_LEVEL = 0;
				GCC_PREPROCESSOR_DEFINITIONS = (
					"DEBUG=1",
					"$(inherited)",
				);
				GCC_WARN_64_TO_32_BIT_CONVERSION = YES;
				GCC_WARN_ABOUT_RETURN_TYPE = YES_ERROR;
				GCC_WARN_UNDECLARED_SELECTOR = YES;
				GCC_WARN_UNINITIALIZED_AUTOS = YES_AGGRESSIVE;
				GCC_WARN_UNUSED_FUNCTION = YES;
				GCC_WARN_UNUSED_VARIABLE = YES;
				IPHONEOS_DEPLOYMENT_TARGET = 15.0;
				MTL_ENABLE_DEBUG_INFO = INCLUDE_SOURCE;
				MTL_FAST_MATH = YES;
				ONLY_ACTIVE_ARCH = YES;
				SDKROOT = iphoneos;
				SWIFT_ACTIVE_COMPILATION_CONDITIONS = DEBUG;
				SWIFT_OPTIMIZATION_LEVEL = "-Onone";
			};
			name = Debug;
		};
		47D57381270353CB00E96D75 /* Release */ = {
			isa = XCBuildConfiguration;
			buildSettings = {
				ALWAYS_SEARCH_USER_PATHS = NO;
				CLANG_ANALYZER_NONNULL = YES;
				CLANG_ANALYZER_NUMBER_OBJECT_CONVERSION = YES_AGGRESSIVE;
				CLANG_CXX_LANGUAGE_STANDARD = "gnu++17";
				CLANG_CXX_LIBRARY = "libc++";
				CLANG_ENABLE_MODULES = YES;
				CLANG_ENABLE_OBJC_ARC = YES;
				CLANG_ENABLE_OBJC_WEAK = YES;
				CLANG_WARN_BLOCK_CAPTURE_AUTORELEASING = YES;
				CLANG_WARN_BOOL_CONVERSION = YES;
				CLANG_WARN_COMMA = YES;
				CLANG_WARN_CONSTANT_CONVERSION = YES;
				CLANG_WARN_DEPRECATED_OBJC_IMPLEMENTATIONS = YES;
				CLANG_WARN_DIRECT_OBJC_ISA_USAGE = YES_ERROR;
				CLANG_WARN_DOCUMENTATION_COMMENTS = YES;
				CLANG_WARN_EMPTY_BODY = YES;
				CLANG_WARN_ENUM_CONVERSION = YES;
				CLANG_WARN_INFINITE_RECURSION = YES;
				CLANG_WARN_INT_CONVERSION = YES;
				CLANG_WARN_NON_LITERAL_NULL_CONVERSION = YES;
				CLANG_WARN_OBJC_IMPLICIT_RETAIN_SELF = YES;
				CLANG_WARN_OBJC_LITERAL_CONVERSION = YES;
				CLANG_WARN_OBJC_ROOT_CLASS = YES_ERROR;
				CLANG_WARN_QUOTED_INCLUDE_IN_FRAMEWORK_HEADER = YES;
				CLANG_WARN_RANGE_LOOP_ANALYSIS = YES;
				CLANG_WARN_STRICT_PROTOTYPES = YES;
				CLANG_WARN_SUSPICIOUS_MOVE = YES;
				CLANG_WARN_UNGUARDED_AVAILABILITY = YES_AGGRESSIVE;
				CLANG_WARN_UNREACHABLE_CODE = YES;
				CLANG_WARN__DUPLICATE_METHOD_MATCH = YES;
				COPY_PHASE_STRIP = NO;
				DEBUG_INFORMATION_FORMAT = "dwarf-with-dsym";
				ENABLE_NS_ASSERTIONS = NO;
				ENABLE_STRICT_OBJC_MSGSEND = YES;
				GCC_C_LANGUAGE_STANDARD = gnu11;
				GCC_NO_COMMON_BLOCKS = YES;
				GCC_WARN_64_TO_32_BIT_CONVERSION = YES;
				GCC_WARN_ABOUT_RETURN_TYPE = YES_ERROR;
				GCC_WARN_UNDECLARED_SELECTOR = YES;
				GCC_WARN_UNINITIALIZED_AUTOS = YES_AGGRESSIVE;
				GCC_WARN_UNUSED_FUNCTION = YES;
				GCC_WARN_UNUSED_VARIABLE = YES;
				IPHONEOS_DEPLOYMENT_TARGET = 15.0;
				MTL_ENABLE_DEBUG_INFO = NO;
				MTL_FAST_MATH = YES;
				SDKROOT = iphoneos;
				SWIFT_COMPILATION_MODE = wholemodule;
				SWIFT_OPTIMIZATION_LEVEL = "-O";
				VALIDATE_PRODUCT = YES;
			};
			name = Release;
		};
		47D57383270353CB00E96D75 /* Debug */ = {
			isa = XCBuildConfiguration;
			buildSettings = {
				ASSETCATALOG_COMPILER_APPICON_NAME = AppIcon;
				ASSETCATALOG_COMPILER_GLOBAL_ACCENT_COLOR_NAME = AccentColor;
				CODE_SIGN_STYLE = Automatic;
				CURRENT_PROJECT_VERSION = 1;
				DEVELOPMENT_ASSET_PATHS = "\"Alura Viagens SwiftUI/Preview Content\"";
				DEVELOPMENT_TEAM = 63HBQXT46P;
				ENABLE_PREVIEWS = YES;
				GENERATE_INFOPLIST_FILE = YES;
				INFOPLIST_KEY_UIApplicationSceneManifest_Generation = YES;
				INFOPLIST_KEY_UIApplicationSupportsIndirectInputEvents = YES;
				INFOPLIST_KEY_UILaunchScreen_Generation = YES;
				INFOPLIST_KEY_UISupportedInterfaceOrientations_iPad = "UIInterfaceOrientationPortrait UIInterfaceOrientationPortraitUpsideDown UIInterfaceOrientationLandscapeLeft UIInterfaceOrientationLandscapeRight";
				INFOPLIST_KEY_UISupportedInterfaceOrientations_iPhone = "UIInterfaceOrientationPortrait UIInterfaceOrientationLandscapeLeft UIInterfaceOrientationLandscapeRight";
				IPHONEOS_DEPLOYMENT_TARGET = 14.0;
				LD_RUNPATH_SEARCH_PATHS = (
					"$(inherited)",
					"@executable_path/Frameworks",
				);
				MARKETING_VERSION = 1.0;
				PRODUCT_BUNDLE_IDENTIFIER = "com.br.hugopinheiro.Alura-Viagens-SwiftUI";
				PRODUCT_NAME = "$(TARGET_NAME)";
				SWIFT_EMIT_LOC_STRINGS = YES;
				SWIFT_VERSION = 5.0;
				TARGETED_DEVICE_FAMILY = "1,2";
			};
			name = Debug;
		};
		47D57384270353CB00E96D75 /* Release */ = {
			isa = XCBuildConfiguration;
			buildSettings = {
				ASSETCATALOG_COMPILER_APPICON_NAME = AppIcon;
				ASSETCATALOG_COMPILER_GLOBAL_ACCENT_COLOR_NAME = AccentColor;
				CODE_SIGN_STYLE = Automatic;
				CURRENT_PROJECT_VERSION = 1;
				DEVELOPMENT_ASSET_PATHS = "\"Alura Viagens SwiftUI/Preview Content\"";
				DEVELOPMENT_TEAM = 63HBQXT46P;
				ENABLE_PREVIEWS = YES;
				GENERATE_INFOPLIST_FILE = YES;
				INFOPLIST_KEY_UIApplicationSceneManifest_Generation = YES;
				INFOPLIST_KEY_UIApplicationSupportsIndirectInputEvents = YES;
				INFOPLIST_KEY_UILaunchScreen_Generation = YES;
				INFOPLIST_KEY_UISupportedInterfaceOrientations_iPad = "UIInterfaceOrientationPortrait UIInterfaceOrientationPortraitUpsideDown UIInterfaceOrientationLandscapeLeft UIInterfaceOrientationLandscapeRight";
				INFOPLIST_KEY_UISupportedInterfaceOrientations_iPhone = "UIInterfaceOrientationPortrait UIInterfaceOrientationLandscapeLeft UIInterfaceOrientationLandscapeRight";
				IPHONEOS_DEPLOYMENT_TARGET = 14.0;
				LD_RUNPATH_SEARCH_PATHS = (
					"$(inherited)",
					"@executable_path/Frameworks",
				);
				MARKETING_VERSION = 1.0;
				PRODUCT_BUNDLE_IDENTIFIER = "com.br.hugopinheiro.Alura-Viagens-SwiftUI";
				PRODUCT_NAME = "$(TARGET_NAME)";
				SWIFT_EMIT_LOC_STRINGS = YES;
				SWIFT_VERSION = 5.0;
				TARGETED_DEVICE_FAMILY = "1,2";
			};
			name = Release;
		};
/* End XCBuildConfiguration section */

/* Begin XCConfigurationList section */
		47D5736F270353C500E96D75 /* Build configuration list for PBXProject "Alura Viagens SwiftUI" */ = {
			isa = XCConfigurationList;
			buildConfigurations = (
				47D57380270353CB00E96D75 /* Debug */,
				47D57381270353CB00E96D75 /* Release */,
			);
			defaultConfigurationIsVisible = 0;
			defaultConfigurationName = Release;
		};
		47D57382270353CB00E96D75 /* Build configuration list for PBXNativeTarget "Alura Viagens SwiftUI" */ = {
			isa = XCConfigurationList;
			buildConfigurations = (
				47D57383270353CB00E96D75 /* Debug */,
				47D57384270353CB00E96D75 /* Release */,
			);
			defaultConfigurationIsVisible = 0;
			defaultConfigurationName = Release;
		};
/* End XCConfigurationList section */
	};
	rootObject = 47D5736C270353C500E96D75 /* Project object */;
}
